// !$*UTF8*$!
{
	archiveVersion = 1;
	classes = {
	};
	objectVersion = 46;
	objects = {

/* Begin PBXBuildFile section */
		EC615D341CFE427E00CD0045 /* bootstrap.h in Headers */ = {isa = PBXBuildFile; fileRef = EC615D311CFE427E00CD0045 /* bootstrap.h */; };
		EC615D351CFE427E00CD0045 /* rocketbootstrap_dynamic.h in Headers */ = {isa = PBXBuildFile; fileRef = EC615D321CFE427E00CD0045 /* rocketbootstrap_dynamic.h */; };
		EC615D361CFE427E00CD0045 /* rocketbootstrap.h in Headers */ = {isa = PBXBuildFile; fileRef = EC615D331CFE427E00CD0045 /* rocketbootstrap.h */; };
		EC615D3A1CFE429F00CD0045 /* MHFoundation.h in Headers */ = {isa = PBXBuildFile; fileRef = EC615D371CFE429F00CD0045 /* MHFoundation.h */; };
		EC615D3B1CFE429F00CD0045 /* MHFoundationDefines.h in Headers */ = {isa = PBXBuildFile; fileRef = EC615D381CFE429F00CD0045 /* MHFoundationDefines.h */; };
		EC615D3C1CFE429F00CD0045 /* MHFoundationDefines.m in Sources */ = {isa = PBXBuildFile; fileRef = EC615D391CFE429F00CD0045 /* MHFoundationDefines.m */; };
		EC6D26EB1CF74A8C0007D1DB /* ATDefines.h in Headers */ = {isa = PBXBuildFile; fileRef = EC6D26E91CF74A8C0007D1DB /* ATDefines.h */; settings = {ATTRIBUTES = (Public, ); }; };
		EC6D26EC1CF74A8C0007D1DB /* ATDefines.m in Sources */ = {isa = PBXBuildFile; fileRef = EC6D26EA1CF74A8C0007D1DB /* ATDefines.m */; };
		EC6D28931CF7BEF80007D1DB /* NSDictionary+MH.h in Headers */ = {isa = PBXBuildFile; fileRef = EC6D28871CF7BEF80007D1DB /* NSDictionary+MH.h */; };
		EC6D28941CF7BEF80007D1DB /* NSDictionary+MH.m in Sources */ = {isa = PBXBuildFile; fileRef = EC6D28881CF7BEF80007D1DB /* NSDictionary+MH.m */; };
		EC6D28A01CF7BF780007D1DB /* CPDistributedMessagingCenter.h in Headers */ = {isa = PBXBuildFile; fileRef = EC6D289F1CF7BF780007D1DB /* CPDistributedMessagingCenter.h */; };
		EC75883B1C582F0100515125 /* ATApp.h in Headers */ = {isa = PBXBuildFile; fileRef = EC7588391C582F0100515125 /* ATApp.h */; settings = {ATTRIBUTES = (Public, ); }; };
		EC75883C1C582F0100515125 /* ATApp.m in Sources */ = {isa = PBXBuildFile; fileRef = EC75883A1C582F0100515125 /* ATApp.m */; };
		EC915CF91C56E3510056DC06 /* AppTrack.h in Headers */ = {isa = PBXBuildFile; fileRef = EC915CF81C56E3510056DC06 /* AppTrack.h */; settings = {ATTRIBUTES = (Public, ); }; };
		EC915D0C1C56E3770056DC06 /* ATLifecycle.h in Headers */ = {isa = PBXBuildFile; fileRef = EC915D001C56E3770056DC06 /* ATLifecycle.h */; settings = {ATTRIBUTES = (Public, ); }; };
		EC915D0D1C56E3770056DC06 /* ATLifecycle.m in Sources */ = {isa = PBXBuildFile; fileRef = EC915D011C56E3770056DC06 /* ATLifecycle.m */; };
		EC915D0E1C56E3770056DC06 /* ATObject.h in Headers */ = {isa = PBXBuildFile; fileRef = EC915D021C56E3770056DC06 /* ATObject.h */; settings = {ATTRIBUTES = (Public, ); }; };
		EC915D0F1C56E3770056DC06 /* ATObject.m in Sources */ = {isa = PBXBuildFile; fileRef = EC915D031C56E3770056DC06 /* ATObject.m */; };
		EC915D101C56E3770056DC06 /* ATObjectType.h in Headers */ = {isa = PBXBuildFile; fileRef = EC915D041C56E3770056DC06 /* ATObjectType.h */; settings = {ATTRIBUTES = (Public, ); }; };
		EC915D111C56E3770056DC06 /* ATObjectType.m in Sources */ = {isa = PBXBuildFile; fileRef = EC915D051C56E3770056DC06 /* ATObjectType.m */; };
		EC915D121C56E3770056DC06 /* ATQuery.h in Headers */ = {isa = PBXBuildFile; fileRef = EC915D061C56E3770056DC06 /* ATQuery.h */; settings = {ATTRIBUTES = (Public, ); }; };
		EC915D131C56E3770056DC06 /* ATQuery.m in Sources */ = {isa = PBXBuildFile; fileRef = EC915D071C56E3770056DC06 /* ATQuery.m */; };
		EC915D141C56E3770056DC06 /* ATStore.h in Headers */ = {isa = PBXBuildFile; fileRef = EC915D081C56E3770056DC06 /* ATStore.h */; settings = {ATTRIBUTES = (Public, ); }; };
		EC915D151C56E3770056DC06 /* ATStore.m in Sources */ = {isa = PBXBuildFile; fileRef = EC915D091C56E3770056DC06 /* ATStore.m */; };
		EC915D161C56E3770056DC06 /* ATUsage.h in Headers */ = {isa = PBXBuildFile; fileRef = EC915D0A1C56E3770056DC06 /* ATUsage.h */; settings = {ATTRIBUTES = (Public, ); }; };
		EC915D171C56E3770056DC06 /* ATUsage.m in Sources */ = {isa = PBXBuildFile; fileRef = EC915D0B1C56E3770056DC06 /* ATUsage.m */; };
		EC915D291C56E9460056DC06 /* AppSupport.framework in Frameworks */ = {isa = PBXBuildFile; fileRef = EC915D281C56E9460056DC06 /* AppSupport.framework */; };
/* End PBXBuildFile section */

/* Begin PBXFileReference section */
		EC615D311CFE427E00CD0045 /* bootstrap.h */ = {isa = PBXFileReference; fileEncoding = 4; lastKnownFileType = sourcecode.c.h; path = bootstrap.h; sourceTree = "<group>"; };
		EC615D321CFE427E00CD0045 /* rocketbootstrap_dynamic.h */ = {isa = PBXFileReference; fileEncoding = 4; lastKnownFileType = sourcecode.c.h; path = rocketbootstrap_dynamic.h; sourceTree = "<group>"; };
		EC615D331CFE427E00CD0045 /* rocketbootstrap.h */ = {isa = PBXFileReference; fileEncoding = 4; lastKnownFileType = sourcecode.c.h; path = rocketbootstrap.h; sourceTree = "<group>"; };
		EC615D371CFE429F00CD0045 /* MHFoundation.h */ = {isa = PBXFileReference; fileEncoding = 4; lastKnownFileType = sourcecode.c.h; path = MHFoundation.h; sourceTree = "<group>"; };
		EC615D381CFE429F00CD0045 /* MHFoundationDefines.h */ = {isa = PBXFileReference; fileEncoding = 4; lastKnownFileType = sourcecode.c.h; path = MHFoundationDefines.h; sourceTree = "<group>"; };
		EC615D391CFE429F00CD0045 /* MHFoundationDefines.m */ = {isa = PBXFileReference; fileEncoding = 4; lastKnownFileType = sourcecode.c.objc; path = MHFoundationDefines.m; sourceTree = "<group>"; };
		EC6D26E91CF74A8C0007D1DB /* ATDefines.h */ = {isa = PBXFileReference; fileEncoding = 4; lastKnownFileType = sourcecode.c.h; path = ATDefines.h; sourceTree = "<group>"; };
		EC6D26EA1CF74A8C0007D1DB /* ATDefines.m */ = {isa = PBXFileReference; fileEncoding = 4; lastKnownFileType = sourcecode.c.objc; path = ATDefines.m; sourceTree = "<group>"; };
		EC6D28871CF7BEF80007D1DB /* NSDictionary+MH.h */ = {isa = PBXFileReference; fileEncoding = 4; lastKnownFileType = sourcecode.c.h; path = "NSDictionary+MH.h"; sourceTree = "<group>"; };
		EC6D28881CF7BEF80007D1DB /* NSDictionary+MH.m */ = {isa = PBXFileReference; fileEncoding = 4; lastKnownFileType = sourcecode.c.objc; path = "NSDictionary+MH.m"; sourceTree = "<group>"; };
		EC6D289F1CF7BF780007D1DB /* CPDistributedMessagingCenter.h */ = {isa = PBXFileReference; fileEncoding = 4; lastKnownFileType = sourcecode.c.h; path = CPDistributedMessagingCenter.h; sourceTree = "<group>"; };
		EC7588391C582F0100515125 /* ATApp.h */ = {isa = PBXFileReference; fileEncoding = 4; lastKnownFileType = sourcecode.c.h; path = ATApp.h; sourceTree = "<group>"; };
		EC75883A1C582F0100515125 /* ATApp.m */ = {isa = PBXFileReference; fileEncoding = 4; lastKnownFileType = sourcecode.c.objc; path = ATApp.m; sourceTree = "<group>"; };
		EC915CF51C56E3510056DC06 /* AppTrack.framework */ = {isa = PBXFileReference; explicitFileType = wrapper.framework; includeInIndex = 0; path = AppTrack.framework; sourceTree = BUILT_PRODUCTS_DIR; };
		EC915CF81C56E3510056DC06 /* AppTrack.h */ = {isa = PBXFileReference; lastKnownFileType = sourcecode.c.h; path = AppTrack.h; sourceTree = "<group>"; };
		EC915CFA1C56E3510056DC06 /* Info.plist */ = {isa = PBXFileReference; lastKnownFileType = text.plist.xml; path = Info.plist; sourceTree = "<group>"; };
		EC915D001C56E3770056DC06 /* ATLifecycle.h */ = {isa = PBXFileReference; fileEncoding = 4; lastKnownFileType = sourcecode.c.h; path = ATLifecycle.h; sourceTree = "<group>"; };
		EC915D011C56E3770056DC06 /* ATLifecycle.m */ = {isa = PBXFileReference; fileEncoding = 4; lastKnownFileType = sourcecode.c.objc; path = ATLifecycle.m; sourceTree = "<group>"; };
		EC915D021C56E3770056DC06 /* ATObject.h */ = {isa = PBXFileReference; fileEncoding = 4; lastKnownFileType = sourcecode.c.h; path = ATObject.h; sourceTree = "<group>"; };
		EC915D031C56E3770056DC06 /* ATObject.m */ = {isa = PBXFileReference; fileEncoding = 4; lastKnownFileType = sourcecode.c.objc; path = ATObject.m; sourceTree = "<group>"; };
		EC915D041C56E3770056DC06 /* ATObjectType.h */ = {isa = PBXFileReference; fileEncoding = 4; lastKnownFileType = sourcecode.c.h; path = ATObjectType.h; sourceTree = "<group>"; };
		EC915D051C56E3770056DC06 /* ATObjectType.m */ = {isa = PBXFileReference; fileEncoding = 4; lastKnownFileType = sourcecode.c.objc; path = ATObjectType.m; sourceTree = "<group>"; };
		EC915D061C56E3770056DC06 /* ATQuery.h */ = {isa = PBXFileReference; fileEncoding = 4; lastKnownFileType = sourcecode.c.h; path = ATQuery.h; sourceTree = "<group>"; };
		EC915D071C56E3770056DC06 /* ATQuery.m */ = {isa = PBXFileReference; fileEncoding = 4; lastKnownFileType = sourcecode.c.objc; path = ATQuery.m; sourceTree = "<group>"; };
		EC915D081C56E3770056DC06 /* ATStore.h */ = {isa = PBXFileReference; fileEncoding = 4; lastKnownFileType = sourcecode.c.h; path = ATStore.h; sourceTree = "<group>"; };
		EC915D091C56E3770056DC06 /* ATStore.m */ = {isa = PBXFileReference; fileEncoding = 4; lastKnownFileType = sourcecode.c.objc; path = ATStore.m; sourceTree = "<group>"; };
		EC915D0A1C56E3770056DC06 /* ATUsage.h */ = {isa = PBXFileReference; fileEncoding = 4; lastKnownFileType = sourcecode.c.h; path = ATUsage.h; sourceTree = "<group>"; };
		EC915D0B1C56E3770056DC06 /* ATUsage.m */ = {isa = PBXFileReference; fileEncoding = 4; lastKnownFileType = sourcecode.c.objc; path = ATUsage.m; sourceTree = "<group>"; };
		EC915D281C56E9460056DC06 /* AppSupport.framework */ = {isa = PBXFileReference; lastKnownFileType = wrapper.framework; name = AppSupport.framework; path = Platforms/iPhoneOS.platform/Developer/SDKs/iPhoneOS.sdk/System/Library/PrivateFrameworks/AppSupport.framework; sourceTree = DEVELOPER_DIR; };
		EC915DF01C56F97F0056DC06 /* ATQuery+Private.h */ = {isa = PBXFileReference; lastKnownFileType = sourcecode.c.h; path = "ATQuery+Private.h"; sourceTree = "<group>"; };
		EC915DF11C56FB5F0056DC06 /* ATObject+Private.h */ = {isa = PBXFileReference; lastKnownFileType = sourcecode.c.h; path = "ATObject+Private.h"; sourceTree = "<group>"; };
		EC915DF21C56FBB30056DC06 /* ATObjectType+Private.h */ = {isa = PBXFileReference; lastKnownFileType = sourcecode.c.h; path = "ATObjectType+Private.h"; sourceTree = "<group>"; };
		EC915DF31C5716EC0056DC06 /* notes.txt */ = {isa = PBXFileReference; lastKnownFileType = text; path = notes.txt; sourceTree = "<group>"; };
/* End PBXFileReference section */

/* Begin PBXFrameworksBuildPhase section */
		EC915CF11C56E3510056DC06 /* Frameworks */ = {
			isa = PBXFrameworksBuildPhase;
			buildActionMask = 2147483647;
			files = (
				EC915D291C56E9460056DC06 /* AppSupport.framework in Frameworks */,
			);
			runOnlyForDeploymentPostprocessing = 0;
		};
/* End PBXFrameworksBuildPhase section */

/* Begin PBXGroup section */
		EC6D26E81CF74A8C0007D1DB /* Common */ = {
			isa = PBXGroup;
			children = (
				EC6D287E1CF7BEF80007D1DB /* MHFoundation */,
				EC6D289D1CF7BF2E0007D1DB /* RocketBootstrap */,
				EC6D289E1CF7BF780007D1DB /* MHAppSupport */,
				EC6D26E91CF74A8C0007D1DB /* ATDefines.h */,
				EC6D26EA1CF74A8C0007D1DB /* ATDefines.m */,
			);
			path = Common;
			sourceTree = SOURCE_ROOT;
		};
		EC6D287E1CF7BEF80007D1DB /* MHFoundation */ = {
			isa = PBXGroup;
			children = (
				EC615D371CFE429F00CD0045 /* MHFoundation.h */,
				EC615D381CFE429F00CD0045 /* MHFoundationDefines.h */,
				EC615D391CFE429F00CD0045 /* MHFoundationDefines.m */,
				EC6D28871CF7BEF80007D1DB /* NSDictionary+MH.h */,
				EC6D28881CF7BEF80007D1DB /* NSDictionary+MH.m */,
			);
			name = MHFoundation;
			path = Dependencies/MHFoundation/MHFoundation;
			sourceTree = SOURCE_ROOT;
		};
		EC6D289D1CF7BF2E0007D1DB /* RocketBootstrap */ = {
			isa = PBXGroup;
			children = (
				EC615D311CFE427E00CD0045 /* bootstrap.h */,
				EC615D321CFE427E00CD0045 /* rocketbootstrap_dynamic.h */,
				EC615D331CFE427E00CD0045 /* rocketbootstrap.h */,
			);
			name = RocketBootstrap;
			path = ../Dependencies/RocketBootstrap;
			sourceTree = "<group>";
		};
		EC6D289E1CF7BF780007D1DB /* MHAppSupport */ = {
			isa = PBXGroup;
			children = (
				EC6D289F1CF7BF780007D1DB /* CPDistributedMessagingCenter.h */,
			);
			name = MHAppSupport;
			path = Dependencies/MHAppSupport/MHAppSupport;
			sourceTree = SOURCE_ROOT;
		};
		EC915CEB1C56E3510056DC06 = {
			isa = PBXGroup;
			children = (
				EC915DF31C5716EC0056DC06 /* notes.txt */,
				EC6D26E81CF74A8C0007D1DB /* Common */,
				EC915CF71C56E3510056DC06 /* AppTrack */,
				EC915D2A1C56E9490056DC06 /* Frameworks */,
				EC915CF61C56E3510056DC06 /* Products */,
			);
			sourceTree = "<group>";
		};
		EC915CF61C56E3510056DC06 /* Products */ = {
			isa = PBXGroup;
			children = (
				EC915CF51C56E3510056DC06 /* AppTrack.framework */,
			);
			name = Products;
			sourceTree = "<group>";
		};
		EC915CF71C56E3510056DC06 /* AppTrack */ = {
			isa = PBXGroup;
			children = (
				EC915D041C56E3770056DC06 /* ATObjectType.h */,
				EC915DF21C56FBB30056DC06 /* ATObjectType+Private.h */,
				EC915D051C56E3770056DC06 /* ATObjectType.m */,
				EC915D021C56E3770056DC06 /* ATObject.h */,
				EC915DF11C56FB5F0056DC06 /* ATObject+Private.h */,
				EC915D031C56E3770056DC06 /* ATObject.m */,
				EC7588391C582F0100515125 /* ATApp.h */,
				EC75883A1C582F0100515125 /* ATApp.m */,
				EC915D001C56E3770056DC06 /* ATLifecycle.h */,
				EC915D011C56E3770056DC06 /* ATLifecycle.m */,
				EC915D0A1C56E3770056DC06 /* ATUsage.h */,
				EC915D0B1C56E3770056DC06 /* ATUsage.m */,
				EC915D061C56E3770056DC06 /* ATQuery.h */,
				EC915DF01C56F97F0056DC06 /* ATQuery+Private.h */,
				EC915D071C56E3770056DC06 /* ATQuery.m */,
				EC915D081C56E3770056DC06 /* ATStore.h */,
				EC915D091C56E3770056DC06 /* ATStore.m */,
				EC915CF81C56E3510056DC06 /* AppTrack.h */,
				EC915CFA1C56E3510056DC06 /* Info.plist */,
			);
			path = AppTrack;
			sourceTree = "<group>";
		};
		EC915D2A1C56E9490056DC06 /* Frameworks */ = {
			isa = PBXGroup;
			children = (
				EC915D281C56E9460056DC06 /* AppSupport.framework */,
			);
			name = Frameworks;
			sourceTree = "<group>";
		};
/* End PBXGroup section */

/* Begin PBXHeadersBuildPhase section */
		EC915CF21C56E3510056DC06 /* Headers */ = {
			isa = PBXHeadersBuildPhase;
			buildActionMask = 2147483647;
			files = (
				EC915D0E1C56E3770056DC06 /* ATObject.h in Headers */,
				EC915D121C56E3770056DC06 /* ATQuery.h in Headers */,
				EC6D28A01CF7BF780007D1DB /* CPDistributedMessagingCenter.h in Headers */,
				EC615D3A1CFE429F00CD0045 /* MHFoundation.h in Headers */,
				EC615D341CFE427E00CD0045 /* bootstrap.h in Headers */,
				EC615D3B1CFE429F00CD0045 /* MHFoundationDefines.h in Headers */,
				EC915D141C56E3770056DC06 /* ATStore.h in Headers */,
				EC615D361CFE427E00CD0045 /* rocketbootstrap.h in Headers */,
				EC615D351CFE427E00CD0045 /* rocketbootstrap_dynamic.h in Headers */,
				EC915D161C56E3770056DC06 /* ATUsage.h in Headers */,
				EC6D26EB1CF74A8C0007D1DB /* ATDefines.h in Headers */,
				EC915D101C56E3770056DC06 /* ATObjectType.h in Headers */,
				EC6D28931CF7BEF80007D1DB /* NSDictionary+MH.h in Headers */,
				EC915CF91C56E3510056DC06 /* AppTrack.h in Headers */,
				EC75883B1C582F0100515125 /* ATApp.h in Headers */,
				EC915D0C1C56E3770056DC06 /* ATLifecycle.h in Headers */,
			);
			runOnlyForDeploymentPostprocessing = 0;
		};
/* End PBXHeadersBuildPhase section */

/* Begin PBXNativeTarget section */
		EC915CF41C56E3510056DC06 /* AppTrack */ = {
			isa = PBXNativeTarget;
			buildConfigurationList = EC915CFD1C56E3510056DC06 /* Build configuration list for PBXNativeTarget "AppTrack" */;
			buildPhases = (
				EC915CF01C56E3510056DC06 /* Sources */,
				EC915CF11C56E3510056DC06 /* Frameworks */,
				EC915CF21C56E3510056DC06 /* Headers */,
				EC915CF31C56E3510056DC06 /* Resources */,
			);
			buildRules = (
			);
			dependencies = (
			);
			name = AppTrack;
			productName = AppTrack;
			productReference = EC915CF51C56E3510056DC06 /* AppTrack.framework */;
			productType = "com.apple.product-type.framework";
		};
/* End PBXNativeTarget section */

/* Begin PBXProject section */
		EC915CEC1C56E3510056DC06 /* Project object */ = {
			isa = PBXProject;
			attributes = {
				LastUpgradeCheck = 0720;
				ORGANIZATIONNAME = "Malcolm Hall";
				TargetAttributes = {
					EC915CF41C56E3510056DC06 = {
						CreatedOnToolsVersion = 7.2;
					};
				};
			};
			buildConfigurationList = EC915CEF1C56E3510056DC06 /* Build configuration list for PBXProject "AppTrack" */;
			compatibilityVersion = "Xcode 3.2";
			developmentRegion = English;
			hasScannedForEncodings = 0;
			knownRegions = (
				en,
			);
			mainGroup = EC915CEB1C56E3510056DC06;
			productRefGroup = EC915CF61C56E3510056DC06 /* Products */;
			projectDirPath = "";
			projectRoot = "";
			targets = (
				EC915CF41C56E3510056DC06 /* AppTrack */,
			);
		};
/* End PBXProject section */

/* Begin PBXResourcesBuildPhase section */
		EC915CF31C56E3510056DC06 /* Resources */ = {
			isa = PBXResourcesBuildPhase;
			buildActionMask = 2147483647;
			files = (
			);
			runOnlyForDeploymentPostprocessing = 0;
		};
/* End PBXResourcesBuildPhase section */

/* Begin PBXSourcesBuildPhase section */
		EC915CF01C56E3510056DC06 /* Sources */ = {
			isa = PBXSourcesBuildPhase;
			buildActionMask = 2147483647;
			files = (
				EC615D3C1CFE429F00CD0045 /* MHFoundationDefines.m in Sources */,
				EC75883C1C582F0100515125 /* ATApp.m in Sources */,
				EC6D28941CF7BEF80007D1DB /* NSDictionary+MH.m in Sources */,
				EC915D171C56E3770056DC06 /* ATUsage.m in Sources */,
				EC915D111C56E3770056DC06 /* ATObjectType.m in Sources */,
				EC915D151C56E3770056DC06 /* ATStore.m in Sources */,
				EC915D0D1C56E3770056DC06 /* ATLifecycle.m in Sources */,
				EC6D26EC1CF74A8C0007D1DB /* ATDefines.m in Sources */,
				EC915D0F1C56E3770056DC06 /* ATObject.m in Sources */,
				EC915D131C56E3770056DC06 /* ATQuery.m in Sources */,
			);
			runOnlyForDeploymentPostprocessing = 0;
		};
/* End PBXSourcesBuildPhase section */

/* Begin XCBuildConfiguration section */
		EC915CFB1C56E3510056DC06 /* Debug */ = {
			isa = XCBuildConfiguration;
			buildSettings = {
				ALWAYS_SEARCH_USER_PATHS = NO;
				CLANG_CXX_LANGUAGE_STANDARD = "gnu++0x";
				CLANG_CXX_LIBRARY = "libc++";
				CLANG_ENABLE_MODULES = YES;
				CLANG_ENABLE_OBJC_ARC = YES;
				CLANG_WARN_BOOL_CONVERSION = YES;
				CLANG_WARN_CONSTANT_CONVERSION = YES;
				CLANG_WARN_DIRECT_OBJC_ISA_USAGE = YES_ERROR;
				CLANG_WARN_EMPTY_BODY = YES;
				CLANG_WARN_ENUM_CONVERSION = YES;
				CLANG_WARN_INT_CONVERSION = YES;
				CLANG_WARN_OBJC_ROOT_CLASS = YES_ERROR;
				CLANG_WARN_UNREACHABLE_CODE = YES;
				CLANG_WARN__DUPLICATE_METHOD_MATCH = YES;
				"CODE_SIGN_IDENTITY[sdk=iphoneos*]" = "iPhone Developer";
				COPY_PHASE_STRIP = NO;
				CURRENT_PROJECT_VERSION = 1;
				DEBUG_INFORMATION_FORMAT = dwarf;
				ENABLE_STRICT_OBJC_MSGSEND = YES;
				ENABLE_TESTABILITY = YES;
				GCC_C_LANGUAGE_STANDARD = gnu99;
				GCC_DYNAMIC_NO_PIC = NO;
				GCC_NO_COMMON_BLOCKS = YES;
				GCC_OPTIMIZATION_LEVEL = 0;
				GCC_PREPROCESSOR_DEFINITIONS = (
					"DEBUG=1",
					"$(inherited)",
				);
				GCC_WARN_64_TO_32_BIT_CONVERSION = YES;
				GCC_WARN_ABOUT_RETURN_TYPE = YES_ERROR;
				GCC_WARN_UNDECLARED_SELECTOR = YES;
				GCC_WARN_UNINITIALIZED_AUTOS = YES_AGGRESSIVE;
				GCC_WARN_UNUSED_FUNCTION = YES;
				GCC_WARN_UNUSED_VARIABLE = YES;
				IPHONEOS_DEPLOYMENT_TARGET = 7.0;
				MTL_ENABLE_DEBUG_INFO = YES;
				SDKROOT = iphoneos;
				TARGETED_DEVICE_FAMILY = "1,2";
				VERSIONING_SYSTEM = "apple-generic";
				VERSION_INFO_PREFIX = "";
			};
			name = Debug;
		};
		EC915CFC1C56E3510056DC06 /* Release */ = {
			isa = XCBuildConfiguration;
			buildSettings = {
				ALWAYS_SEARCH_USER_PATHS = NO;
				CLANG_CXX_LANGUAGE_STANDARD = "gnu++0x";
				CLANG_CXX_LIBRARY = "libc++";
				CLANG_ENABLE_MODULES = YES;
				CLANG_ENABLE_OBJC_ARC = YES;
				CLANG_WARN_BOOL_CONVERSION = YES;
				CLANG_WARN_CONSTANT_CONVERSION = YES;
				CLANG_WARN_DIRECT_OBJC_ISA_USAGE = YES_ERROR;
				CLANG_WARN_EMPTY_BODY = YES;
				CLANG_WARN_ENUM_CONVERSION = YES;
				CLANG_WARN_INT_CONVERSION = YES;
				CLANG_WARN_OBJC_ROOT_CLASS = YES_ERROR;
				CLANG_WARN_UNREACHABLE_CODE = YES;
				CLANG_WARN__DUPLICATE_METHOD_MATCH = YES;
				"CODE_SIGN_IDENTITY[sdk=iphoneos*]" = "iPhone Developer";
				COPY_PHASE_STRIP = NO;
				CURRENT_PROJECT_VERSION = 1;
				DEBUG_INFORMATION_FORMAT = "dwarf-with-dsym";
				ENABLE_NS_ASSERTIONS = NO;
				ENABLE_STRICT_OBJC_MSGSEND = YES;
				GCC_C_LANGUAGE_STANDARD = gnu99;
				GCC_NO_COMMON_BLOCKS = YES;
				GCC_WARN_64_TO_32_BIT_CONVERSION = YES;
				GCC_WARN_ABOUT_RETURN_TYPE = YES_ERROR;
				GCC_WARN_UNDECLARED_SELECTOR = YES;
				GCC_WARN_UNINITIALIZED_AUTOS = YES_AGGRESSIVE;
				GCC_WARN_UNUSED_FUNCTION = YES;
				GCC_WARN_UNUSED_VARIABLE = YES;
				IPHONEOS_DEPLOYMENT_TARGET = 7.0;
				MTL_ENABLE_DEBUG_INFO = NO;
				SDKROOT = iphoneos;
				TARGETED_DEVICE_FAMILY = "1,2";
				VALIDATE_PRODUCT = YES;
				VERSIONING_SYSTEM = "apple-generic";
				VERSION_INFO_PREFIX = "";
			};
			name = Release;
		};
		EC915CFE1C56E3510056DC06 /* Debug */ = {
			isa = XCBuildConfiguration;
			buildSettings = {
				DYLIB_COMPATIBILITY_VERSION = 1;
				DYLIB_CURRENT_VERSION = 1;
				DYLIB_INSTALL_NAME_BASE = "@rpath";
				FRAMEWORK_SEARCH_PATHS = "\"$(SDKROOT)$(SYSTEM_LIBRARY_DIR)/PrivateFrameworks\"";
				HEADER_SEARCH_PATHS = Dependencies/MHFoundation;
				INFOPLIST_FILE = AppTrack/Info.plist;
				INSTALL_PATH = "$(LOCAL_LIBRARY_DIR)/Frameworks";
				LD_RUNPATH_SEARCH_PATHS = "$(inherited) @executable_path/Frameworks @loader_path/Frameworks";
				PRODUCT_BUNDLE_IDENTIFIER = com.malhal.AppTrack;
				PRODUCT_NAME = "$(TARGET_NAME)";
				SKIP_INSTALL = YES;
			};
			name = Debug;
		};
		EC915CFF1C56E3510056DC06 /* Release */ = {
			isa = XCBuildConfiguration;
			buildSettings = {
				DYLIB_COMPATIBILITY_VERSION = 1;
				DYLIB_CURRENT_VERSION = 1;
				DYLIB_INSTALL_NAME_BASE = /Library/Frameworks;
				FRAMEWORK_SEARCH_PATHS = "\"$(SDKROOT)$(SYSTEM_LIBRARY_DIR)/PrivateFrameworks\"";
				HEADER_SEARCH_PATHS = Dependencies/MHFoundation;
				INFOPLIST_FILE = AppTrack/Info.plist;
				INSTALL_PATH = "$(LOCAL_LIBRARY_DIR)/Frameworks";
				LD_RUNPATH_SEARCH_PATHS = "$(inherited) @executable_path/Frameworks @loader_path/Frameworks";
				PRODUCT_BUNDLE_IDENTIFIER = com.malhal.AppTrack;
				PRODUCT_NAME = "$(TARGET_NAME)";
				SKIP_INSTALL = YES;
			};
			name = Release;
		};
/* End XCBuildConfiguration section */

/* Begin XCConfigurationList section */
		EC915CEF1C56E3510056DC06 /* Build configuration list for PBXProject "AppTrack" */ = {
			isa = XCConfigurationList;
			buildConfigurations = (
				EC915CFB1C56E3510056DC06 /* Debug */,
				EC915CFC1C56E3510056DC06 /* Release */,
			);
			defaultConfigurationIsVisible = 0;
			defaultConfigurationName = Release;
		};
		EC915CFD1C56E3510056DC06 /* Build configuration list for PBXNativeTarget "AppTrack" */ = {
			isa = XCConfigurationList;
			buildConfigurations = (
				EC915CFE1C56E3510056DC06 /* Debug */,
				EC915CFF1C56E3510056DC06 /* Release */,
			);
			defaultConfigurationIsVisible = 0;
			defaultConfigurationName = Release;
		};
/* End XCConfigurationList section */
	};
	rootObject = EC915CEC1C56E3510056DC06 /* Project object */;
}
