// !$*UTF8*$!
{
	archiveVersion = 1;
	classes = {
	};
	objectVersion = 45;
	objects = {

/* Begin PBXBuildFile section */
		EC3143B61D04D4C10025F669 /* MHData.h in Headers */ = {isa = PBXBuildFile; fileRef = EC3143A11D04D4C10025F669 /* MHData.h */; };
		EC3143B71D04D4C10025F669 /* MHDataDefines.h in Headers */ = {isa = PBXBuildFile; fileRef = EC3143A21D04D4C10025F669 /* MHDataDefines.h */; };
		EC3143B81D04D4C10025F669 /* MHDataDefines.m in Sources */ = {isa = PBXBuildFile; fileRef = EC3143A31D04D4C10025F669 /* MHDataDefines.m */; };
		EC3143B91D04D4C10025F669 /* MHDFetchedResultsController.h in Headers */ = {isa = PBXBuildFile; fileRef = EC3143A41D04D4C10025F669 /* MHDFetchedResultsController.h */; };
		EC3143BA1D04D4C10025F669 /* MHDFetchedResultsController.m in Sources */ = {isa = PBXBuildFile; fileRef = EC3143A51D04D4C10025F669 /* MHDFetchedResultsController.m */; };
		EC3143BB1D04D4C10025F669 /* MHDFetchedResultsViewController.h in Headers */ = {isa = PBXBuildFile; fileRef = EC3143A61D04D4C10025F669 /* MHDFetchedResultsViewController.h */; };
		EC3143BC1D04D4C10025F669 /* MHDFetchedResultsViewController.m in Sources */ = {isa = PBXBuildFile; fileRef = EC3143A71D04D4C10025F669 /* MHDFetchedResultsViewController.m */; };
		EC3143BD1D04D4C10025F669 /* MHDPersistentStoreBridge.h in Headers */ = {isa = PBXBuildFile; fileRef = EC3143A81D04D4C10025F669 /* MHDPersistentStoreBridge.h */; };
		EC3143BE1D04D4C10025F669 /* MHDPersistentStoreBridge.m in Sources */ = {isa = PBXBuildFile; fileRef = EC3143A91D04D4C10025F669 /* MHDPersistentStoreBridge.m */; };
		EC3143BF1D04D4C10025F669 /* MHDStackManager.h in Headers */ = {isa = PBXBuildFile; fileRef = EC3143AA1D04D4C10025F669 /* MHDStackManager.h */; };
		EC3143C01D04D4C10025F669 /* MHDStackManager.m in Sources */ = {isa = PBXBuildFile; fileRef = EC3143AB1D04D4C10025F669 /* MHDStackManager.m */; };
		EC3143C11D04D4C10025F669 /* NSEntityDescription+MHD.h in Headers */ = {isa = PBXBuildFile; fileRef = EC3143AC1D04D4C10025F669 /* NSEntityDescription+MHD.h */; };
		EC3143C21D04D4C10025F669 /* NSEntityDescription+MHD.m in Sources */ = {isa = PBXBuildFile; fileRef = EC3143AD1D04D4C10025F669 /* NSEntityDescription+MHD.m */; };
		EC3143C31D04D4C10025F669 /* NSManagedObject+MHD.h in Headers */ = {isa = PBXBuildFile; fileRef = EC3143AE1D04D4C10025F669 /* NSManagedObject+MHD.h */; };
		EC3143C41D04D4C10025F669 /* NSManagedObject+MHD.m in Sources */ = {isa = PBXBuildFile; fileRef = EC3143AF1D04D4C10025F669 /* NSManagedObject+MHD.m */; };
		EC3143C51D04D4C10025F669 /* NSManagedObjectContext+MHD.h in Headers */ = {isa = PBXBuildFile; fileRef = EC3143B01D04D4C10025F669 /* NSManagedObjectContext+MHD.h */; };
		EC3143C61D04D4C10025F669 /* NSManagedObjectContext+MHD.m in Sources */ = {isa = PBXBuildFile; fileRef = EC3143B11D04D4C10025F669 /* NSManagedObjectContext+MHD.m */; };
		EC3143C71D04D4C10025F669 /* NSManagedObjectModel+MHD.h in Headers */ = {isa = PBXBuildFile; fileRef = EC3143B21D04D4C10025F669 /* NSManagedObjectModel+MHD.h */; };
		EC3143C81D04D4C10025F669 /* NSManagedObjectModel+MHD.m in Sources */ = {isa = PBXBuildFile; fileRef = EC3143B31D04D4C10025F669 /* NSManagedObjectModel+MHD.m */; };
		EC3143C91D04D4C10025F669 /* NSPersistentStoreCoordinator+MHD.h in Headers */ = {isa = PBXBuildFile; fileRef = EC3143B41D04D4C10025F669 /* NSPersistentStoreCoordinator+MHD.h */; };
		EC3143CA1D04D4C10025F669 /* NSPersistentStoreCoordinator+MHD.m in Sources */ = {isa = PBXBuildFile; fileRef = EC3143B51D04D4C10025F669 /* NSPersistentStoreCoordinator+MHD.m */; };
		EC472C871D04B39D009A1416 /* MHFoundation.h in Headers */ = {isa = PBXBuildFile; fileRef = EC472C781D04B39D009A1416 /* MHFoundation.h */; };
		EC472C881D04B39D009A1416 /* MHFoundationDefines.h in Headers */ = {isa = PBXBuildFile; fileRef = EC472C791D04B39D009A1416 /* MHFoundationDefines.h */; };
		EC472C891D04B39D009A1416 /* MHFoundationDefines.m in Sources */ = {isa = PBXBuildFile; fileRef = EC472C7A1D04B39D009A1416 /* MHFoundationDefines.m */; };
		EC472C901D04B39D009A1416 /* NSDictionary+MHF.h in Headers */ = {isa = PBXBuildFile; fileRef = EC472C811D04B39D009A1416 /* NSDictionary+MHF.h */; };
		EC472C911D04B39D009A1416 /* NSDictionary+MHF.m in Sources */ = {isa = PBXBuildFile; fileRef = EC472C821D04B39D009A1416 /* NSDictionary+MHF.m */; };
		EC472C9A1D04BBD1009A1416 /* AppUsageKitTweak_Prefix.pch in Headers */ = {isa = PBXBuildFile; fileRef = EC472C991D04BBD1009A1416 /* AppUsageKitTweak_Prefix.pch */; };
		EC472CA71D04BBE3009A1416 /* AUKTApp.h in Headers */ = {isa = PBXBuildFile; fileRef = EC472C9B1D04BBE3009A1416 /* AUKTApp.h */; };
		EC472CA81D04BBE3009A1416 /* AUKTApp.m in Sources */ = {isa = PBXBuildFile; fileRef = EC472C9C1D04BBE3009A1416 /* AUKTApp.m */; };
		EC472CA91D04BBE3009A1416 /* AUKTApp+CoreDataProperties.h in Headers */ = {isa = PBXBuildFile; fileRef = EC472C9D1D04BBE3009A1416 /* AUKTApp+CoreDataProperties.h */; };
		EC472CAA1D04BBE3009A1416 /* AUKTApp+CoreDataProperties.m in Sources */ = {isa = PBXBuildFile; fileRef = EC472C9E1D04BBE3009A1416 /* AUKTApp+CoreDataProperties.m */; };
		EC472CAB1D04BBE3009A1416 /* AUKTLifecycle.h in Headers */ = {isa = PBXBuildFile; fileRef = EC472C9F1D04BBE3009A1416 /* AUKTLifecycle.h */; };
		EC472CAC1D04BBE3009A1416 /* AUKTLifecycle.m in Sources */ = {isa = PBXBuildFile; fileRef = EC472CA01D04BBE3009A1416 /* AUKTLifecycle.m */; };
		EC472CAD1D04BBE3009A1416 /* AUKTLifecycle+CoreDataProperties.h in Headers */ = {isa = PBXBuildFile; fileRef = EC472CA11D04BBE3009A1416 /* AUKTLifecycle+CoreDataProperties.h */; };
		EC472CAE1D04BBE3009A1416 /* AUKTLifecycle+CoreDataProperties.m in Sources */ = {isa = PBXBuildFile; fileRef = EC472CA21D04BBE3009A1416 /* AUKTLifecycle+CoreDataProperties.m */; };
		EC472CAF1D04BBE3009A1416 /* AUKTUsage.h in Headers */ = {isa = PBXBuildFile; fileRef = EC472CA31D04BBE3009A1416 /* AUKTUsage.h */; };
		EC472CB01D04BBE3009A1416 /* AUKTUsage.m in Sources */ = {isa = PBXBuildFile; fileRef = EC472CA41D04BBE3009A1416 /* AUKTUsage.m */; };
		EC472CB11D04BBE3009A1416 /* AUKTUsage+CoreDataProperties.h in Headers */ = {isa = PBXBuildFile; fileRef = EC472CA51D04BBE3009A1416 /* AUKTUsage+CoreDataProperties.h */; };
		EC472CB21D04BBE3009A1416 /* AUKTUsage+CoreDataProperties.m in Sources */ = {isa = PBXBuildFile; fileRef = EC472CA61D04BBE3009A1416 /* AUKTUsage+CoreDataProperties.m */; };
		EC472CB61D04BBEF009A1416 /* AUKTManager.h in Headers */ = {isa = PBXBuildFile; fileRef = EC472CB31D04BBEF009A1416 /* AUKTManager.h */; };
		EC472CB71D04BBEF009A1416 /* AUKTManager.m in Sources */ = {isa = PBXBuildFile; fileRef = EC472CB41D04BBEF009A1416 /* AUKTManager.m */; };
		EC472CB81D04BBEF009A1416 /* Tweak.mm in Sources */ = {isa = PBXBuildFile; fileRef = EC472CB51D04BBEF009A1416 /* Tweak.mm */; };
		EC472CBC1D04BC28009A1416 /* AppUsageKit.xcdatamodeld in Sources */ = {isa = PBXBuildFile; fileRef = EC472CBA1D04BC28009A1416 /* AppUsageKit.xcdatamodeld */; };
		EC472CC21D04BCE3009A1416 /* AppUsageKitDefines.h in Headers */ = {isa = PBXBuildFile; fileRef = EC472CC01D04BCE3009A1416 /* AppUsageKitDefines.h */; };
		EC472CC31D04BCE3009A1416 /* AppUsageKitDefines.m in Sources */ = {isa = PBXBuildFile; fileRef = EC472CC11D04BCE3009A1416 /* AppUsageKitDefines.m */; };
		EC615D231CFE411100CD0045 /* CydiaSubstrate.framework in Frameworks */ = {isa = PBXBuildFile; fileRef = EC615D221CFE411100CD0045 /* CydiaSubstrate.framework */; };
		EC615D2E1CFE41E200CD0045 /* bootstrap.h in Headers */ = {isa = PBXBuildFile; fileRef = EC615D2B1CFE41E200CD0045 /* bootstrap.h */; };
		EC615D2F1CFE41E200CD0045 /* rocketbootstrap_dynamic.h in Headers */ = {isa = PBXBuildFile; fileRef = EC615D2C1CFE41E200CD0045 /* rocketbootstrap_dynamic.h */; };
		EC615D301CFE41E200CD0045 /* rocketbootstrap.h in Headers */ = {isa = PBXBuildFile; fileRef = EC615D2D1CFE41E200CD0045 /* rocketbootstrap.h */; };
		EC915C6D1C55B0DD0056DC06 /* CoreData.framework in Frameworks */ = {isa = PBXBuildFile; fileRef = EC915C6C1C55B0DD0056DC06 /* CoreData.framework */; };
		EC915C971C55DD610056DC06 /* AppSupport.framework in Frameworks */ = {isa = PBXBuildFile; fileRef = EC915C961C55DD610056DC06 /* AppSupport.framework */; };
		ECC980B90EE37C1C0027C8B1 /* Foundation.framework in Frameworks */ = {isa = PBXBuildFile; fileRef = ECC980B70EE37C1C0027C8B1 /* Foundation.framework */; };
		ECC981600EE391B60027C8B1 /* UIKit.framework in Frameworks */ = {isa = PBXBuildFile; fileRef = ECC9815F0EE391B60027C8B1 /* UIKit.framework */; };
/* End PBXBuildFile section */

/* Begin PBXFileReference section */
		D2AAC0C705546C1D00DB518D /* AppUsageKitTweak.dylib */ = {isa = PBXFileReference; explicitFileType = "compiled.mach-o.dylib"; includeInIndex = 0; path = AppUsageKitTweak.dylib; sourceTree = BUILT_PRODUCTS_DIR; };
		EC21324F12B43B2A007EADB8 /* SpringBoardServices.framework */ = {isa = PBXFileReference; lastKnownFileType = wrapper.framework; name = SpringBoardServices.framework; path = System/Library/PrivateFrameworks/SpringBoardServices.framework; sourceTree = SDKROOT; };
		EC21482812B1BAAD0028FA42 /* Preferences.framework */ = {isa = PBXFileReference; lastKnownFileType = wrapper.framework; name = Preferences.framework; path = System/Library/PrivateFrameworks/Preferences.framework; sourceTree = SDKROOT; };
		EC3143A11D04D4C10025F669 /* MHData.h */ = {isa = PBXFileReference; fileEncoding = 4; lastKnownFileType = sourcecode.c.h; path = MHData.h; sourceTree = "<group>"; };
		EC3143A21D04D4C10025F669 /* MHDataDefines.h */ = {isa = PBXFileReference; fileEncoding = 4; lastKnownFileType = sourcecode.c.h; path = MHDataDefines.h; sourceTree = "<group>"; };
		EC3143A31D04D4C10025F669 /* MHDataDefines.m */ = {isa = PBXFileReference; fileEncoding = 4; lastKnownFileType = sourcecode.c.objc; path = MHDataDefines.m; sourceTree = "<group>"; };
		EC3143A41D04D4C10025F669 /* MHDFetchedResultsController.h */ = {isa = PBXFileReference; fileEncoding = 4; lastKnownFileType = sourcecode.c.h; path = MHDFetchedResultsController.h; sourceTree = "<group>"; };
		EC3143A51D04D4C10025F669 /* MHDFetchedResultsController.m */ = {isa = PBXFileReference; fileEncoding = 4; lastKnownFileType = sourcecode.c.objc; path = MHDFetchedResultsController.m; sourceTree = "<group>"; };
		EC3143A61D04D4C10025F669 /* MHDFetchedResultsViewController.h */ = {isa = PBXFileReference; fileEncoding = 4; lastKnownFileType = sourcecode.c.h; path = MHDFetchedResultsViewController.h; sourceTree = "<group>"; };
		EC3143A71D04D4C10025F669 /* MHDFetchedResultsViewController.m */ = {isa = PBXFileReference; fileEncoding = 4; lastKnownFileType = sourcecode.c.objc; path = MHDFetchedResultsViewController.m; sourceTree = "<group>"; };
		EC3143A81D04D4C10025F669 /* MHDPersistentStoreBridge.h */ = {isa = PBXFileReference; fileEncoding = 4; lastKnownFileType = sourcecode.c.h; path = MHDPersistentStoreBridge.h; sourceTree = "<group>"; };
		EC3143A91D04D4C10025F669 /* MHDPersistentStoreBridge.m */ = {isa = PBXFileReference; fileEncoding = 4; lastKnownFileType = sourcecode.c.objc; path = MHDPersistentStoreBridge.m; sourceTree = "<group>"; };
		EC3143AA1D04D4C10025F669 /* MHDStackManager.h */ = {isa = PBXFileReference; fileEncoding = 4; lastKnownFileType = sourcecode.c.h; path = MHDStackManager.h; sourceTree = "<group>"; };
		EC3143AB1D04D4C10025F669 /* MHDStackManager.m */ = {isa = PBXFileReference; fileEncoding = 4; lastKnownFileType = sourcecode.c.objc; path = MHDStackManager.m; sourceTree = "<group>"; };
		EC3143AC1D04D4C10025F669 /* NSEntityDescription+MHD.h */ = {isa = PBXFileReference; fileEncoding = 4; lastKnownFileType = sourcecode.c.h; path = "NSEntityDescription+MHD.h"; sourceTree = "<group>"; };
		EC3143AD1D04D4C10025F669 /* NSEntityDescription+MHD.m */ = {isa = PBXFileReference; fileEncoding = 4; lastKnownFileType = sourcecode.c.objc; path = "NSEntityDescription+MHD.m"; sourceTree = "<group>"; };
		EC3143AE1D04D4C10025F669 /* NSManagedObject+MHD.h */ = {isa = PBXFileReference; fileEncoding = 4; lastKnownFileType = sourcecode.c.h; path = "NSManagedObject+MHD.h"; sourceTree = "<group>"; };
		EC3143AF1D04D4C10025F669 /* NSManagedObject+MHD.m */ = {isa = PBXFileReference; fileEncoding = 4; lastKnownFileType = sourcecode.c.objc; path = "NSManagedObject+MHD.m"; sourceTree = "<group>"; };
		EC3143B01D04D4C10025F669 /* NSManagedObjectContext+MHD.h */ = {isa = PBXFileReference; fileEncoding = 4; lastKnownFileType = sourcecode.c.h; path = "NSManagedObjectContext+MHD.h"; sourceTree = "<group>"; };
		EC3143B11D04D4C10025F669 /* NSManagedObjectContext+MHD.m */ = {isa = PBXFileReference; fileEncoding = 4; lastKnownFileType = sourcecode.c.objc; path = "NSManagedObjectContext+MHD.m"; sourceTree = "<group>"; };
		EC3143B21D04D4C10025F669 /* NSManagedObjectModel+MHD.h */ = {isa = PBXFileReference; fileEncoding = 4; lastKnownFileType = sourcecode.c.h; path = "NSManagedObjectModel+MHD.h"; sourceTree = "<group>"; };
		EC3143B31D04D4C10025F669 /* NSManagedObjectModel+MHD.m */ = {isa = PBXFileReference; fileEncoding = 4; lastKnownFileType = sourcecode.c.objc; path = "NSManagedObjectModel+MHD.m"; sourceTree = "<group>"; };
		EC3143B41D04D4C10025F669 /* NSPersistentStoreCoordinator+MHD.h */ = {isa = PBXFileReference; fileEncoding = 4; lastKnownFileType = sourcecode.c.h; path = "NSPersistentStoreCoordinator+MHD.h"; sourceTree = "<group>"; };
		EC3143B51D04D4C10025F669 /* NSPersistentStoreCoordinator+MHD.m */ = {isa = PBXFileReference; fileEncoding = 4; lastKnownFileType = sourcecode.c.objc; path = "NSPersistentStoreCoordinator+MHD.m"; sourceTree = "<group>"; };
		EC472C781D04B39D009A1416 /* MHFoundation.h */ = {isa = PBXFileReference; fileEncoding = 4; lastKnownFileType = sourcecode.c.h; path = MHFoundation.h; sourceTree = "<group>"; };
		EC472C791D04B39D009A1416 /* MHFoundationDefines.h */ = {isa = PBXFileReference; fileEncoding = 4; lastKnownFileType = sourcecode.c.h; path = MHFoundationDefines.h; sourceTree = "<group>"; };
		EC472C7A1D04B39D009A1416 /* MHFoundationDefines.m */ = {isa = PBXFileReference; fileEncoding = 4; lastKnownFileType = sourcecode.c.objc; path = MHFoundationDefines.m; sourceTree = "<group>"; };
		EC472C811D04B39D009A1416 /* NSDictionary+MHF.h */ = {isa = PBXFileReference; fileEncoding = 4; lastKnownFileType = sourcecode.c.h; path = "NSDictionary+MHF.h"; sourceTree = "<group>"; };
		EC472C821D04B39D009A1416 /* NSDictionary+MHF.m */ = {isa = PBXFileReference; fileEncoding = 4; lastKnownFileType = sourcecode.c.objc; path = "NSDictionary+MHF.m"; sourceTree = "<group>"; };
		EC472C991D04BBD1009A1416 /* AppUsageKitTweak_Prefix.pch */ = {isa = PBXFileReference; fileEncoding = 4; lastKnownFileType = sourcecode.c.h; name = AppUsageKitTweak_Prefix.pch; path = AppUsageKitTweak/AppUsageKitTweak_Prefix.pch; sourceTree = "<group>"; };
		EC472C9B1D04BBE3009A1416 /* AUKTApp.h */ = {isa = PBXFileReference; fileEncoding = 4; lastKnownFileType = sourcecode.c.h; name = AUKTApp.h; path = AppUsageKitTweak/AUKTApp.h; sourceTree = "<group>"; };
		EC472C9C1D04BBE3009A1416 /* AUKTApp.m */ = {isa = PBXFileReference; fileEncoding = 4; lastKnownFileType = sourcecode.c.objc; name = AUKTApp.m; path = AppUsageKitTweak/AUKTApp.m; sourceTree = "<group>"; };
		EC472C9D1D04BBE3009A1416 /* AUKTApp+CoreDataProperties.h */ = {isa = PBXFileReference; fileEncoding = 4; lastKnownFileType = sourcecode.c.h; name = "AUKTApp+CoreDataProperties.h"; path = "AppUsageKitTweak/AUKTApp+CoreDataProperties.h"; sourceTree = "<group>"; };
		EC472C9E1D04BBE3009A1416 /* AUKTApp+CoreDataProperties.m */ = {isa = PBXFileReference; fileEncoding = 4; lastKnownFileType = sourcecode.c.objc; name = "AUKTApp+CoreDataProperties.m"; path = "AppUsageKitTweak/AUKTApp+CoreDataProperties.m"; sourceTree = "<group>"; };
		EC472C9F1D04BBE3009A1416 /* AUKTLifecycle.h */ = {isa = PBXFileReference; fileEncoding = 4; lastKnownFileType = sourcecode.c.h; name = AUKTLifecycle.h; path = AppUsageKitTweak/AUKTLifecycle.h; sourceTree = "<group>"; };
		EC472CA01D04BBE3009A1416 /* AUKTLifecycle.m */ = {isa = PBXFileReference; fileEncoding = 4; lastKnownFileType = sourcecode.c.objc; name = AUKTLifecycle.m; path = AppUsageKitTweak/AUKTLifecycle.m; sourceTree = "<group>"; };
		EC472CA11D04BBE3009A1416 /* AUKTLifecycle+CoreDataProperties.h */ = {isa = PBXFileReference; fileEncoding = 4; lastKnownFileType = sourcecode.c.h; name = "AUKTLifecycle+CoreDataProperties.h"; path = "AppUsageKitTweak/AUKTLifecycle+CoreDataProperties.h"; sourceTree = "<group>"; };
		EC472CA21D04BBE3009A1416 /* AUKTLifecycle+CoreDataProperties.m */ = {isa = PBXFileReference; fileEncoding = 4; lastKnownFileType = sourcecode.c.objc; name = "AUKTLifecycle+CoreDataProperties.m"; path = "AppUsageKitTweak/AUKTLifecycle+CoreDataProperties.m"; sourceTree = "<group>"; };
		EC472CA31D04BBE3009A1416 /* AUKTUsage.h */ = {isa = PBXFileReference; fileEncoding = 4; lastKnownFileType = sourcecode.c.h; name = AUKTUsage.h; path = AppUsageKitTweak/AUKTUsage.h; sourceTree = "<group>"; };
		EC472CA41D04BBE3009A1416 /* AUKTUsage.m */ = {isa = PBXFileReference; fileEncoding = 4; lastKnownFileType = sourcecode.c.objc; name = AUKTUsage.m; path = AppUsageKitTweak/AUKTUsage.m; sourceTree = "<group>"; };
		EC472CA51D04BBE3009A1416 /* AUKTUsage+CoreDataProperties.h */ = {isa = PBXFileReference; fileEncoding = 4; lastKnownFileType = sourcecode.c.h; name = "AUKTUsage+CoreDataProperties.h"; path = "AppUsageKitTweak/AUKTUsage+CoreDataProperties.h"; sourceTree = "<group>"; };
		EC472CA61D04BBE3009A1416 /* AUKTUsage+CoreDataProperties.m */ = {isa = PBXFileReference; fileEncoding = 4; lastKnownFileType = sourcecode.c.objc; name = "AUKTUsage+CoreDataProperties.m"; path = "AppUsageKitTweak/AUKTUsage+CoreDataProperties.m"; sourceTree = "<group>"; };
		EC472CB31D04BBEF009A1416 /* AUKTManager.h */ = {isa = PBXFileReference; fileEncoding = 4; lastKnownFileType = sourcecode.c.h; name = AUKTManager.h; path = AppUsageKitTweak/AUKTManager.h; sourceTree = "<group>"; };
		EC472CB41D04BBEF009A1416 /* AUKTManager.m */ = {isa = PBXFileReference; fileEncoding = 4; lastKnownFileType = sourcecode.c.objc; name = AUKTManager.m; path = AppUsageKitTweak/AUKTManager.m; sourceTree = "<group>"; };
		EC472CB51D04BBEF009A1416 /* Tweak.mm */ = {isa = PBXFileReference; fileEncoding = 4; lastKnownFileType = sourcecode.cpp.objcpp; name = Tweak.mm; path = AppUsageKitTweak/Tweak.mm; sourceTree = "<group>"; };
		EC472CBB1D04BC28009A1416 /* AppUsageKit.xcdatamodel */ = {isa = PBXFileReference; lastKnownFileType = wrapper.xcdatamodel; path = AppUsageKit.xcdatamodel; sourceTree = "<group>"; };
		EC472CC01D04BCE3009A1416 /* AppUsageKitDefines.h */ = {isa = PBXFileReference; fileEncoding = 4; lastKnownFileType = sourcecode.c.h; name = AppUsageKitDefines.h; path = AppUsageKit/AppUsageKitDefines.h; sourceTree = "<group>"; };
		EC472CC11D04BCE3009A1416 /* AppUsageKitDefines.m */ = {isa = PBXFileReference; fileEncoding = 4; lastKnownFileType = sourcecode.c.objc; name = AppUsageKitDefines.m; path = AppUsageKit/AppUsageKitDefines.m; sourceTree = "<group>"; };
		EC615D201CFE406400CD0045 /* CPDistributedMessagingCenter.h */ = {isa = PBXFileReference; lastKnownFileType = sourcecode.c.h; path = CPDistributedMessagingCenter.h; sourceTree = "<group>"; };
		EC615D221CFE411100CD0045 /* CydiaSubstrate.framework */ = {isa = PBXFileReference; lastKnownFileType = wrapper.framework; path = CydiaSubstrate.framework; sourceTree = "<group>"; };
		EC615D2B1CFE41E200CD0045 /* bootstrap.h */ = {isa = PBXFileReference; fileEncoding = 4; lastKnownFileType = sourcecode.c.h; path = bootstrap.h; sourceTree = "<group>"; };
		EC615D2C1CFE41E200CD0045 /* rocketbootstrap_dynamic.h */ = {isa = PBXFileReference; fileEncoding = 4; lastKnownFileType = sourcecode.c.h; path = rocketbootstrap_dynamic.h; sourceTree = "<group>"; };
		EC615D2D1CFE41E200CD0045 /* rocketbootstrap.h */ = {isa = PBXFileReference; fileEncoding = 4; lastKnownFileType = sourcecode.c.h; path = rocketbootstrap.h; sourceTree = "<group>"; };
		EC915C6C1C55B0DD0056DC06 /* CoreData.framework */ = {isa = PBXFileReference; lastKnownFileType = wrapper.framework; name = CoreData.framework; path = System/Library/Frameworks/CoreData.framework; sourceTree = SDKROOT; };
		EC915C961C55DD610056DC06 /* AppSupport.framework */ = {isa = PBXFileReference; lastKnownFileType = wrapper.framework; name = AppSupport.framework; path = Platforms/iPhoneOS.platform/Developer/SDKs/iPhoneOS.sdk/System/Library/PrivateFrameworks/AppSupport.framework; sourceTree = DEVELOPER_DIR; };
		ECC980B70EE37C1C0027C8B1 /* Foundation.framework */ = {isa = PBXFileReference; lastKnownFileType = wrapper.framework; name = Foundation.framework; path = System/Library/Frameworks/Foundation.framework; sourceTree = SDKROOT; };
		ECC9815F0EE391B60027C8B1 /* UIKit.framework */ = {isa = PBXFileReference; lastKnownFileType = wrapper.framework; name = UIKit.framework; path = System/Library/Frameworks/UIKit.framework; sourceTree = SDKROOT; };
/* End PBXFileReference section */

/* Begin PBXFrameworksBuildPhase section */
		D2AAC0C505546C1D00DB518D /* Frameworks */ = {
			isa = PBXFrameworksBuildPhase;
			buildActionMask = 2147483647;
			files = (
				EC915C971C55DD610056DC06 /* AppSupport.framework in Frameworks */,
				EC915C6D1C55B0DD0056DC06 /* CoreData.framework in Frameworks */,
				ECC980B90EE37C1C0027C8B1 /* Foundation.framework in Frameworks */,
				ECC981600EE391B60027C8B1 /* UIKit.framework in Frameworks */,
				EC615D231CFE411100CD0045 /* CydiaSubstrate.framework in Frameworks */,
			);
			runOnlyForDeploymentPostprocessing = 0;
		};
/* End PBXFrameworksBuildPhase section */

/* Begin PBXGroup section */
		034768DFFF38A50411DB9C8B /* Products */ = {
			isa = PBXGroup;
			children = (
				D2AAC0C705546C1D00DB518D /* AppUsageKitTweak.dylib */,
			);
			name = Products;
			sourceTree = "<group>";
		};
		0867D691FE84028FC02AAC07 /* MobileSubstrateSample */ = {
			isa = PBXGroup;
			children = (
				08FB77AEFE84172EC02AAC07 /* AppTrack */,
				32C88DFF0371C24200C91783 /* Other Sources */,
				EC2148D312B1BC7C0028FA42 /* Resources */,
				0867D69AFE84028FC02AAC07 /* External Frameworks and Libraries */,
				034768DFFF38A50411DB9C8B /* Products */,
			);
			name = MobileSubstrateSample;
			sourceTree = "<group>";
		};
		0867D69AFE84028FC02AAC07 /* External Frameworks and Libraries */ = {
			isa = PBXGroup;
			children = (
				EC915C961C55DD610056DC06 /* AppSupport.framework */,
				EC915C6C1C55B0DD0056DC06 /* CoreData.framework */,
				EC21324F12B43B2A007EADB8 /* SpringBoardServices.framework */,
				EC21482812B1BAAD0028FA42 /* Preferences.framework */,
				ECC9815F0EE391B60027C8B1 /* UIKit.framework */,
				ECC980B70EE37C1C0027C8B1 /* Foundation.framework */,
			);
			name = "External Frameworks and Libraries";
			sourceTree = "<group>";
		};
		08FB77AEFE84172EC02AAC07 /* AppTrack */ = {
			isa = PBXGroup;
			children = (
				EC472C941D04B3C1009A1416 /* AppUsageKit */,
				EC615CF31CFE387900CD0045 /* dependencies */,
				EC915C8D1C55CA4D0056DC06 /* Model */,
				EC472CB31D04BBEF009A1416 /* AUKTManager.h */,
				EC472CB41D04BBEF009A1416 /* AUKTManager.m */,
				EC472CB51D04BBEF009A1416 /* Tweak.mm */,
			);
			name = AppTrack;
			sourceTree = "<group>";
		};
		32C88DFF0371C24200C91783 /* Other Sources */ = {
			isa = PBXGroup;
			children = (
				EC472C991D04BBD1009A1416 /* AppUsageKitTweak_Prefix.pch */,
			);
			name = "Other Sources";
			sourceTree = "<group>";
		};
		EC2148D312B1BC7C0028FA42 /* Resources */ = {
			isa = PBXGroup;
			children = (
			);
			name = Resources;
			sourceTree = "<group>";
		};
		EC3143A01D04D4C10025F669 /* MHData */ = {
			isa = PBXGroup;
			children = (
				EC3143A11D04D4C10025F669 /* MHData.h */,
				EC3143A21D04D4C10025F669 /* MHDataDefines.h */,
				EC3143A31D04D4C10025F669 /* MHDataDefines.m */,
				EC3143A41D04D4C10025F669 /* MHDFetchedResultsController.h */,
				EC3143A51D04D4C10025F669 /* MHDFetchedResultsController.m */,
				EC3143A61D04D4C10025F669 /* MHDFetchedResultsViewController.h */,
				EC3143A71D04D4C10025F669 /* MHDFetchedResultsViewController.m */,
				EC3143A81D04D4C10025F669 /* MHDPersistentStoreBridge.h */,
				EC3143A91D04D4C10025F669 /* MHDPersistentStoreBridge.m */,
				EC3143AA1D04D4C10025F669 /* MHDStackManager.h */,
				EC3143AB1D04D4C10025F669 /* MHDStackManager.m */,
				EC3143AC1D04D4C10025F669 /* NSEntityDescription+MHD.h */,
				EC3143AD1D04D4C10025F669 /* NSEntityDescription+MHD.m */,
				EC3143AE1D04D4C10025F669 /* NSManagedObject+MHD.h */,
				EC3143AF1D04D4C10025F669 /* NSManagedObject+MHD.m */,
				EC3143B01D04D4C10025F669 /* NSManagedObjectContext+MHD.h */,
				EC3143B11D04D4C10025F669 /* NSManagedObjectContext+MHD.m */,
				EC3143B21D04D4C10025F669 /* NSManagedObjectModel+MHD.h */,
				EC3143B31D04D4C10025F669 /* NSManagedObjectModel+MHD.m */,
				EC3143B41D04D4C10025F669 /* NSPersistentStoreCoordinator+MHD.h */,
				EC3143B51D04D4C10025F669 /* NSPersistentStoreCoordinator+MHD.m */,
			);
			name = MHData;
			path = dependencies/MHData/MHData;
			sourceTree = "<group>";
		};
		EC472C751D04B39D009A1416 /* MHFoundation */ = {
			isa = PBXGroup;
			children = (
				EC472C781D04B39D009A1416 /* MHFoundation.h */,
				EC472C791D04B39D009A1416 /* MHFoundationDefines.h */,
				EC472C7A1D04B39D009A1416 /* MHFoundationDefines.m */,
				EC472C811D04B39D009A1416 /* NSDictionary+MHF.h */,
				EC472C821D04B39D009A1416 /* NSDictionary+MHF.m */,
			);
			name = MHFoundation;
			path = dependencies/MHFoundation/MHFoundation;
			sourceTree = "<group>";
		};
		EC472C941D04B3C1009A1416 /* AppUsageKit */ = {
			isa = PBXGroup;
			children = (
				EC472CC01D04BCE3009A1416 /* AppUsageKitDefines.h */,
				EC472CC11D04BCE3009A1416 /* AppUsageKitDefines.m */,
			);
			name = AppUsageKit;
			sourceTree = "<group>";
		};
		EC615CF31CFE387900CD0045 /* dependencies */ = {
			isa = PBXGroup;
			children = (
				EC615D2A1CFE41B500CD0045 /* RocketBootstrap */,
				EC615D211CFE411100CD0045 /* MHCydiaSubstrate */,
				EC615D1F1CFE406400CD0045 /* MHAppSupport */,
				EC3143A01D04D4C10025F669 /* MHData */,
				EC472C751D04B39D009A1416 /* MHFoundation */,
			);
			name = dependencies;
			sourceTree = "<group>";
		};
		EC615D1F1CFE406400CD0045 /* MHAppSupport */ = {
			isa = PBXGroup;
			children = (
				EC615D201CFE406400CD0045 /* CPDistributedMessagingCenter.h */,
			);
			name = MHAppSupport;
			path = dependencies/MHAppSupport/MHAppSupport;
			sourceTree = "<group>";
		};
		EC615D211CFE411100CD0045 /* MHCydiaSubstrate */ = {
			isa = PBXGroup;
			children = (
				EC615D221CFE411100CD0045 /* CydiaSubstrate.framework */,
			);
			name = MHCydiaSubstrate;
			path = dependencies/MHCydiaSubstrate/MHCydiaSubstrate;
			sourceTree = "<group>";
		};
		EC615D2A1CFE41B500CD0045 /* RocketBootstrap */ = {
			isa = PBXGroup;
			children = (
				EC615D2B1CFE41E200CD0045 /* bootstrap.h */,
				EC615D2C1CFE41E200CD0045 /* rocketbootstrap_dynamic.h */,
				EC615D2D1CFE41E200CD0045 /* rocketbootstrap.h */,
			);
			name = RocketBootstrap;
			path = dependencies/RocketBootstrap;
			sourceTree = "<group>";
		};
		EC915C8D1C55CA4D0056DC06 /* Model */ = {
			isa = PBXGroup;
			children = (
				EC472CBA1D04BC28009A1416 /* AppUsageKit.xcdatamodeld */,
				EC472C9B1D04BBE3009A1416 /* AUKTApp.h */,
				EC472C9C1D04BBE3009A1416 /* AUKTApp.m */,
				EC472C9D1D04BBE3009A1416 /* AUKTApp+CoreDataProperties.h */,
				EC472C9E1D04BBE3009A1416 /* AUKTApp+CoreDataProperties.m */,
				EC472C9F1D04BBE3009A1416 /* AUKTLifecycle.h */,
				EC472CA01D04BBE3009A1416 /* AUKTLifecycle.m */,
				EC472CA11D04BBE3009A1416 /* AUKTLifecycle+CoreDataProperties.h */,
				EC472CA21D04BBE3009A1416 /* AUKTLifecycle+CoreDataProperties.m */,
				EC472CA31D04BBE3009A1416 /* AUKTUsage.h */,
				EC472CA41D04BBE3009A1416 /* AUKTUsage.m */,
				EC472CA51D04BBE3009A1416 /* AUKTUsage+CoreDataProperties.h */,
				EC472CA61D04BBE3009A1416 /* AUKTUsage+CoreDataProperties.m */,
			);
			name = Model;
			sourceTree = "<group>";
		};
/* End PBXGroup section */

/* Begin PBXHeadersBuildPhase section */
		D2AAC0C305546C1D00DB518D /* Headers */ = {
			isa = PBXHeadersBuildPhase;
			buildActionMask = 2147483647;
			files = (
				EC472C871D04B39D009A1416 /* MHFoundation.h in Headers */,
				EC472CAF1D04BBE3009A1416 /* AUKTUsage.h in Headers */,
				EC3143BD1D04D4C10025F669 /* MHDPersistentStoreBridge.h in Headers */,
				EC472C881D04B39D009A1416 /* MHFoundationDefines.h in Headers */,
				EC472CAB1D04BBE3009A1416 /* AUKTLifecycle.h in Headers */,
				EC472C9A1D04BBD1009A1416 /* AppUsageKitTweak_Prefix.pch in Headers */,
				EC472CA91D04BBE3009A1416 /* AUKTApp+CoreDataProperties.h in Headers */,
				EC472CA71D04BBE3009A1416 /* AUKTApp.h in Headers */,
				EC615D301CFE41E200CD0045 /* rocketbootstrap.h in Headers */,
				EC472CC21D04BCE3009A1416 /* AppUsageKitDefines.h in Headers */,
				EC3143B71D04D4C10025F669 /* MHDataDefines.h in Headers */,
				EC3143C91D04D4C10025F669 /* NSPersistentStoreCoordinator+MHD.h in Headers */,
				EC3143B61D04D4C10025F669 /* MHData.h in Headers */,
				EC3143BF1D04D4C10025F669 /* MHDStackManager.h in Headers */,
				EC3143C71D04D4C10025F669 /* NSManagedObjectModel+MHD.h in Headers */,
				EC472CAD1D04BBE3009A1416 /* AUKTLifecycle+CoreDataProperties.h in Headers */,
				EC615D2E1CFE41E200CD0045 /* bootstrap.h in Headers */,
				EC3143B91D04D4C10025F669 /* MHDFetchedResultsController.h in Headers */,
				EC472C901D04B39D009A1416 /* NSDictionary+MHF.h in Headers */,
				EC472CB11D04BBE3009A1416 /* AUKTUsage+CoreDataProperties.h in Headers */,
				EC3143C31D04D4C10025F669 /* NSManagedObject+MHD.h in Headers */,
				EC3143C51D04D4C10025F669 /* NSManagedObjectContext+MHD.h in Headers */,
				EC3143C11D04D4C10025F669 /* NSEntityDescription+MHD.h in Headers */,
				EC472CB61D04BBEF009A1416 /* AUKTManager.h in Headers */,
				EC3143BB1D04D4C10025F669 /* MHDFetchedResultsViewController.h in Headers */,
				EC615D2F1CFE41E200CD0045 /* rocketbootstrap_dynamic.h in Headers */,
			);
			runOnlyForDeploymentPostprocessing = 0;
		};
/* End PBXHeadersBuildPhase section */

/* Begin PBXNativeTarget section */
		D2AAC0C605546C1D00DB518D /* AppUsageKitTweak */ = {
			isa = PBXNativeTarget;
			buildConfigurationList = 1DEB917D08733D990010E9CD /* Build configuration list for PBXNativeTarget "AppUsageKitTweak" */;
			buildPhases = (
				D2AAC0C305546C1D00DB518D /* Headers */,
				D2AAC0C405546C1D00DB518D /* Sources */,
				D2AAC0C505546C1D00DB518D /* Frameworks */,
			);
			buildRules = (
			);
			dependencies = (
			);
			name = AppUsageKitTweak;
			productName = MobileSubstrateSample;
			productReference = D2AAC0C705546C1D00DB518D /* AppUsageKitTweak.dylib */;
			productType = "com.apple.product-type.library.dynamic";
		};
/* End PBXNativeTarget section */

/* Begin PBXProject section */
		0867D690FE84028FC02AAC07 /* Project object */ = {
			isa = PBXProject;
			attributes = {
			};
			buildConfigurationList = 1DEB918108733D990010E9CD /* Build configuration list for PBXProject "AppUsageKitTweak" */;
			compatibilityVersion = "Xcode 3.1";
			developmentRegion = English;
			hasScannedForEncodings = 1;
			knownRegions = (
				English,
				Japanese,
				French,
				German,
				en,
			);
			mainGroup = 0867D691FE84028FC02AAC07 /* MobileSubstrateSample */;
			productRefGroup = 034768DFFF38A50411DB9C8B /* Products */;
			projectDirPath = "";
			projectRoot = "";
			targets = (
				D2AAC0C605546C1D00DB518D /* AppUsageKitTweak */,
			);
		};
/* End PBXProject section */

/* Begin PBXSourcesBuildPhase section */
		D2AAC0C405546C1D00DB518D /* Sources */ = {
			isa = PBXSourcesBuildPhase;
			buildActionMask = 2147483647;
			files = (
				EC472CB81D04BBEF009A1416 /* Tweak.mm in Sources */,
				EC3143B81D04D4C10025F669 /* MHDataDefines.m in Sources */,
				EC3143BC1D04D4C10025F669 /* MHDFetchedResultsViewController.m in Sources */,
				EC472CB21D04BBE3009A1416 /* AUKTUsage+CoreDataProperties.m in Sources */,
				EC472C911D04B39D009A1416 /* NSDictionary+MHF.m in Sources */,
				EC472CB71D04BBEF009A1416 /* AUKTManager.m in Sources */,
				EC472CAC1D04BBE3009A1416 /* AUKTLifecycle.m in Sources */,
				EC3143C61D04D4C10025F669 /* NSManagedObjectContext+MHD.m in Sources */,
				EC472CC31D04BCE3009A1416 /* AppUsageKitDefines.m in Sources */,
				EC3143BA1D04D4C10025F669 /* MHDFetchedResultsController.m in Sources */,
				EC472CAE1D04BBE3009A1416 /* AUKTLifecycle+CoreDataProperties.m in Sources */,
				EC472CB01D04BBE3009A1416 /* AUKTUsage.m in Sources */,
				EC472CAA1D04BBE3009A1416 /* AUKTApp+CoreDataProperties.m in Sources */,
				EC3143C01D04D4C10025F669 /* MHDStackManager.m in Sources */,
				EC3143C41D04D4C10025F669 /* NSManagedObject+MHD.m in Sources */,
				EC3143CA1D04D4C10025F669 /* NSPersistentStoreCoordinator+MHD.m in Sources */,
				EC3143C81D04D4C10025F669 /* NSManagedObjectModel+MHD.m in Sources */,
				EC3143BE1D04D4C10025F669 /* MHDPersistentStoreBridge.m in Sources */,
				EC472CBC1D04BC28009A1416 /* AppUsageKit.xcdatamodeld in Sources */,
				EC3143C21D04D4C10025F669 /* NSEntityDescription+MHD.m in Sources */,
				EC472C891D04B39D009A1416 /* MHFoundationDefines.m in Sources */,
				EC472CA81D04BBE3009A1416 /* AUKTApp.m in Sources */,
			);
			runOnlyForDeploymentPostprocessing = 0;
		};
/* End PBXSourcesBuildPhase section */

/* Begin XCBuildConfiguration section */
		1DEB917E08733D990010E9CD /* Debug */ = {
			isa = XCBuildConfiguration;
			buildSettings = {
				ALWAYS_SEARCH_USER_PATHS = NO;
				COPY_PHASE_STRIP = NO;
				DYLIB_COMPATIBILITY_VERSION = 1;
				DYLIB_CURRENT_VERSION = 1;
				FRAMEWORK_SEARCH_PATHS = (
					"$(inherited)",
					"\"$(SDKROOT)$(SYSTEM_LIBRARY_DIR)/PrivateFrameworks\"",
					"$(PROJECT_DIR)/dependencies/MHCydiaSubstrate/MHCydiaSubstrate",
				);
				GCC_DYNAMIC_NO_PIC = NO;
				GCC_ENABLE_FIX_AND_CONTINUE = YES;
				GCC_MODEL_TUNING = G5;
				GCC_OPTIMIZATION_LEVEL = 0;
				GCC_PRECOMPILE_PREFIX_HEADER = YES;
				GCC_PREFIX_HEADER = AppUsageKitTweak/AppUsageKitTweak_Prefix.pch;
				HEADER_SEARCH_PATHS = (
					dependencies/MHFoundation,
					dependencies/MHAppSupport,
					dependencies/MHData,
				);
				INSTALL_PATH = /usr/local/lib;
				LIBRARY_SEARCH_PATHS = (
					"$(inherited)",
					"$(SRCROOT)",
					"\\\"$(SRCROOT)/build/Debug-iphoneos\\\"",
				);
				PRODUCT_NAME = AppUsageKitTweak;
			};
			name = Debug;
		};
		1DEB917F08733D990010E9CD /* Release */ = {
			isa = XCBuildConfiguration;
			buildSettings = {
				ALWAYS_SEARCH_USER_PATHS = NO;
				DEBUG_INFORMATION_FORMAT = "dwarf-with-dsym";
				DYLIB_COMPATIBILITY_VERSION = 1;
				DYLIB_CURRENT_VERSION = 1;
				FRAMEWORK_SEARCH_PATHS = (
					"$(inherited)",
					"\"$(SDKROOT)$(SYSTEM_LIBRARY_DIR)/PrivateFrameworks\"",
					"$(PROJECT_DIR)/dependencies/MHCydiaSubstrate/MHCydiaSubstrate",
				);
				GCC_MODEL_TUNING = G5;
				GCC_PRECOMPILE_PREFIX_HEADER = YES;
				GCC_PREFIX_HEADER = AppUsageKitTweak/AppUsageKitTweak_Prefix.pch;
				HEADER_SEARCH_PATHS = (
					dependencies/MHFoundation,
					dependencies/MHAppSupport,
					dependencies/MHData,
				);
				INSTALL_PATH = /usr/local/lib;
				LIBRARY_SEARCH_PATHS = (
					"$(inherited)",
					"$(SRCROOT)",
					"\\\"$(SRCROOT)/build/Debug-iphoneos\\\"",
				);
				PRODUCT_NAME = AppUsageKitTweak;
			};
			name = Release;
		};
		1DEB918208733D990010E9CD /* Debug */ = {
			isa = XCBuildConfiguration;
			buildSettings = {
				ARCHS = "$(ARCHS_STANDARD_INCLUDING_64_BIT)";
				CLANG_ENABLE_OBJC_ARC = YES;
				CLANG_WARN_BOOL_CONVERSION = YES;
				CLANG_WARN_CONSTANT_CONVERSION = YES;
				CLANG_WARN_DIRECT_OBJC_ISA_USAGE = YES_ERROR;
				CLANG_WARN_EMPTY_BODY = YES;
				CLANG_WARN_ENUM_CONVERSION = YES;
				CLANG_WARN_INT_CONVERSION = YES;
				CLANG_WARN_OBJC_ROOT_CLASS = YES_ERROR;
				CLANG_WARN__DUPLICATE_METHOD_MATCH = YES;
				CODE_SIGN_IDENTITY = "iPhone Developer: Malcolm Hall (FBNY5F2828)";
				ENABLE_BITCODE = NO;
				GCC_C_LANGUAGE_STANDARD = c99;
				GCC_OPTIMIZATION_LEVEL = 0;
				GCC_PREPROCESSOR_DEFINITIONS = "DEBUG=1";
				GCC_WARN_64_TO_32_BIT_CONVERSION = YES;
				GCC_WARN_ABOUT_RETURN_TYPE = YES;
				GCC_WARN_UNDECLARED_SELECTOR = YES;
				GCC_WARN_UNINITIALIZED_AUTOS = YES;
				GCC_WARN_UNUSED_FUNCTION = YES;
				GCC_WARN_UNUSED_VARIABLE = YES;
				INIT_ROUTINE = _TweakInitialize;
				IPHONEOS_DEPLOYMENT_TARGET = 7.0;
				PREBINDING = NO;
				SDKROOT = iphoneos;
			};
			name = Debug;
		};
		1DEB918308733D990010E9CD /* Release */ = {
			isa = XCBuildConfiguration;
			buildSettings = {
				ARCHS = "$(ARCHS_STANDARD_INCLUDING_64_BIT)";
				CLANG_ENABLE_OBJC_ARC = YES;
				CLANG_WARN_BOOL_CONVERSION = YES;
				CLANG_WARN_CONSTANT_CONVERSION = YES;
				CLANG_WARN_DIRECT_OBJC_ISA_USAGE = YES_ERROR;
				CLANG_WARN_EMPTY_BODY = YES;
				CLANG_WARN_ENUM_CONVERSION = YES;
				CLANG_WARN_INT_CONVERSION = YES;
				CLANG_WARN_OBJC_ROOT_CLASS = YES_ERROR;
				CLANG_WARN__DUPLICATE_METHOD_MATCH = YES;
				CODE_SIGN_IDENTITY = "iPhone Developer: Malcolm Hall (FBNY5F2828)";
				ENABLE_BITCODE = NO;
				GCC_C_LANGUAGE_STANDARD = c99;
				GCC_WARN_64_TO_32_BIT_CONVERSION = YES;
				GCC_WARN_ABOUT_RETURN_TYPE = YES;
				GCC_WARN_UNDECLARED_SELECTOR = YES;
				GCC_WARN_UNINITIALIZED_AUTOS = YES;
				GCC_WARN_UNUSED_FUNCTION = YES;
				GCC_WARN_UNUSED_VARIABLE = YES;
				INIT_ROUTINE = _TweakInitialize;
				IPHONEOS_DEPLOYMENT_TARGET = 7.0;
				PREBINDING = NO;
				SDKROOT = iphoneos;
			};
			name = Release;
		};
/* End XCBuildConfiguration section */

/* Begin XCConfigurationList section */
		1DEB917D08733D990010E9CD /* Build configuration list for PBXNativeTarget "AppUsageKitTweak" */ = {
			isa = XCConfigurationList;
			buildConfigurations = (
				1DEB917E08733D990010E9CD /* Debug */,
				1DEB917F08733D990010E9CD /* Release */,
			);
			defaultConfigurationIsVisible = 0;
			defaultConfigurationName = Release;
		};
		1DEB918108733D990010E9CD /* Build configuration list for PBXProject "AppUsageKitTweak" */ = {
			isa = XCConfigurationList;
			buildConfigurations = (
				1DEB918208733D990010E9CD /* Debug */,
				1DEB918308733D990010E9CD /* Release */,
			);
			defaultConfigurationIsVisible = 0;
			defaultConfigurationName = Release;
		};
/* End XCConfigurationList section */

/* Begin XCVersionGroup section */
		EC472CBA1D04BC28009A1416 /* AppUsageKit.xcdatamodeld */ = {
			isa = XCVersionGroup;
			children = (
				EC472CBB1D04BC28009A1416 /* AppUsageKit.xcdatamodel */,
			);
			currentVersion = EC472CBB1D04BC28009A1416 /* AppUsageKit.xcdatamodel */;
			name = AppUsageKit.xcdatamodeld;
			path = AppUsageKitTweak/AppUsageKit.xcdatamodeld;
			sourceTree = "<group>";
			versionGroupType = wrapper.xcdatamodel;
		};
/* End XCVersionGroup section */
	};
	rootObject = 0867D690FE84028FC02AAC07 /* Project object */;
}
